
Microsoft Visual Studio Solution File, Format Version 12.00
# Visual Studio Version 16
VisualStudioVersion = 16.0.29709.97
MinimumVisualStudioVersion = 10.0.40219.1
Project("{FAE04EC0-301F-11D3-BF4B-00C04F79EFBC}") = "MovieSystem", "MovieSystem.csproj", "{C49963D4-10A1-4620-91B8-533D30C6B644}"
EndProject
Global
	GlobalSection(SolutionConfigurationPlatforms) = preSolution
		Debug|Any CPU = Debug|Any CPU
		Release|Any CPU = Release|Any CPU
	EndGlobalSection
	GlobalSection(ProjectConfigurationPlatforms) = postSolution
		{C49963D4-10A1-4620-91B8-533D30C6B644}.Debug|Any CPU.ActiveCfg = Debug|Any CPU
		{C49963D4-10A1-4620-91B8-533D30C6B644}.Debug|Any CPU.Build.0 = Debug|Any CPU
		{C49963D4-10A1-4620-91B8-533D30C6B644}.Release|Any CPU.ActiveCfg = Release|Any CPU
		{C49963D4-10A1-4620-91B8-533D30C6B644}.Release|Any CPU.Build.0 = Release|Any CPU
	EndGlobalSection
	GlobalSection(SolutionProperties) = preSolution
		HideSolutionNode = FALSE
	EndGlobalSection
	GlobalSection(ExtensibilityGlobals) = postSolution
		SolutionGuid = {61B35A81-795E-4C53-8B8E-7D7E05B5E722}
	EndGlobalSection
EndGlobal
